{
  "name": "@aetna-digital-infrastructure/dfp-gitops-package-template",
  "version": "1.0.1",
  "lockfileVersion": 1,
  "requires": true,
  "dependencies": {
    "@aetna-digital-infrastructure/gitops-cluster-utils-publish": {
      "version": "1.0.0",
      "resolved": "https://npm.pkg.github.com/download/@aetna-digital-infrastructure/gitops-cluster-utils-publish/1.0.0/31859c4a3d2941ad9aa84efb48cbea42e8f303eb765bc65ecf7669d605a58f4f",
      "integrity": "sha512-6xdAaSHsBY1H7BClVE1XM+b/Hg6ANdE7juCh18z2ElbvZpRfKA/wXrZVUnQD6TCESbAoQtRbSQMbJ1mI2bElEQ=="
    }
  }
}
